// !$*UTF8*$!
{
	archiveVersion = 1;
	classes = {
	};
	objectVersion = 46;
	objects = {

/* Begin PBXBuildFile section */
		8A000AD118AC80BF0004476A /* Foundation.framework in Frameworks */ = {isa = PBXBuildFile; fileRef = 8A000AD018AC80BF0004476A /* Foundation.framework */; };
		8A000AD318AC80BF0004476A /* CoreGraphics.framework in Frameworks */ = {isa = PBXBuildFile; fileRef = 8A000AD218AC80BF0004476A /* CoreGraphics.framework */; };
		8A000AD518AC80BF0004476A /* UIKit.framework in Frameworks */ = {isa = PBXBuildFile; fileRef = 8A000AD418AC80BF0004476A /* UIKit.framework */; };
		8A000ADB18AC80BF0004476A /* InfoPlist.strings in Resources */ = {isa = PBXBuildFile; fileRef = 8A000AD918AC80BF0004476A /* InfoPlist.strings */; };
		8A000ADD18AC80BF0004476A /* main.m in Sources */ = {isa = PBXBuildFile; fileRef = 8A000ADC18AC80BF0004476A /* main.m */; };
		8A000AE118AC80BF0004476A /* DBAppDelegate.m in Sources */ = {isa = PBXBuildFile; fileRef = 8A000AE018AC80BF0004476A /* DBAppDelegate.m */; };
		8A000AE418AC80BF0004476A /* Main.storyboard in Resources */ = {isa = PBXBuildFile; fileRef = 8A000AE218AC80BF0004476A /* Main.storyboard */; };
		8A000AE718AC80BF0004476A /* DBViewController.m in Sources */ = {isa = PBXBuildFile; fileRef = 8A000AE618AC80BF0004476A /* DBViewController.m */; };
		8A000AE918AC80BF0004476A /* Images.xcassets in Resources */ = {isa = PBXBuildFile; fileRef = 8A000AE818AC80BF0004476A /* Images.xcassets */; };
		8A000AF018AC80BF0004476A /* XCTest.framework in Frameworks */ = {isa = PBXBuildFile; fileRef = 8A000AEF18AC80BF0004476A /* XCTest.framework */; };
		8A000AF118AC80BF0004476A /* Foundation.framework in Frameworks */ = {isa = PBXBuildFile; fileRef = 8A000AD018AC80BF0004476A /* Foundation.framework */; };
		8A000AF218AC80BF0004476A /* UIKit.framework in Frameworks */ = {isa = PBXBuildFile; fileRef = 8A000AD418AC80BF0004476A /* UIKit.framework */; };
		8A000AFA18AC80BF0004476A /* InfoPlist.strings in Resources */ = {isa = PBXBuildFile; fileRef = 8A000AF818AC80BF0004476A /* InfoPlist.strings */; };
		8A000AFC18AC80BF0004476A /* BarChartTests.m in Sources */ = {isa = PBXBuildFile; fileRef = 8A000AFB18AC80BF0004476A /* BarChartTests.m */; };
/* End PBXBuildFile section */

/* Begin PBXContainerItemProxy section */
		8A000AF318AC80BF0004476A /* PBXContainerItemProxy */ = {
			isa = PBXContainerItemProxy;
			containerPortal = 8A000AC518AC80BF0004476A /* Project object */;
			proxyType = 1;
			remoteGlobalIDString = 8A000ACC18AC80BF0004476A;
			remoteInfo = BarChart;
		};
/* End PBXContainerItemProxy section */

/* Begin PBXFileReference section */
		8A000ACD18AC80BF0004476A /* BarChart.app */ = {isa = PBXFileReference; explicitFileType = wrapper.application; includeInIndex = 0; path = BarChart.app; sourceTree = BUILT_PRODUCTS_DIR; };
		8A000AD018AC80BF0004476A /* Foundation.framework */ = {isa = PBXFileReference; lastKnownFileType = wrapper.framework; name = Foundation.framework; path = System/Library/Frameworks/Foundation.framework; sourceTree = SDKROOT; };
		8A000AD218AC80BF0004476A /* CoreGraphics.framework */ = {isa = PBXFileReference; lastKnownFileType = wrapper.framework; name = CoreGraphics.framework; path = System/Library/Frameworks/CoreGraphics.framework; sourceTree = SDKROOT; };
		8A000AD418AC80BF0004476A /* UIKit.framework */ = {isa = PBXFileReference; lastKnownFileType = wrapper.framework; name = UIKit.framework; path = System/Library/Frameworks/UIKit.framework; sourceTree = SDKROOT; };
		8A000AD818AC80BF0004476A /* BarChart-Info.plist */ = {isa = PBXFileReference; lastKnownFileType = text.plist.xml; path = "BarChart-Info.plist"; sourceTree = "<group>"; };
		8A000ADA18AC80BF0004476A /* en */ = {isa = PBXFileReference; lastKnownFileType = text.plist.strings; name = en; path = en.lproj/InfoPlist.strings; sourceTree = "<group>"; };
		8A000ADC18AC80BF0004476A /* main.m */ = {isa = PBXFileReference; lastKnownFileType = sourcecode.c.objc; path = main.m; sourceTree = "<group>"; };
		8A000ADE18AC80BF0004476A /* BarChart-Prefix.pch */ = {isa = PBXFileReference; lastKnownFileType = sourcecode.c.h; path = "BarChart-Prefix.pch"; sourceTree = "<group>"; };
		8A000ADF18AC80BF0004476A /* DBAppDelegate.h */ = {isa = PBXFileReference; lastKnownFileType = sourcecode.c.h; path = DBAppDelegate.h; sourceTree = "<group>"; };
		8A000AE018AC80BF0004476A /* DBAppDelegate.m */ = {isa = PBXFileReference; lastKnownFileType = sourcecode.c.objc; path = DBAppDelegate.m; sourceTree = "<group>"; };
		8A000AE318AC80BF0004476A /* Base */ = {isa = PBXFileReference; lastKnownFileType = file.storyboard; name = Base; path = Base.lproj/Main.storyboard; sourceTree = "<group>"; };
		8A000AE518AC80BF0004476A /* DBViewController.h */ = {isa = PBXFileReference; lastKnownFileType = sourcecode.c.h; path = DBViewController.h; sourceTree = "<group>"; };
		8A000AE618AC80BF0004476A /* DBViewController.m */ = {isa = PBXFileReference; lastKnownFileType = sourcecode.c.objc; path = DBViewController.m; sourceTree = "<group>"; };
		8A000AE818AC80BF0004476A /* Images.xcassets */ = {isa = PBXFileReference; lastKnownFileType = folder.assetcatalog; path = Images.xcassets; sourceTree = "<group>"; };
		8A000AEE18AC80BF0004476A /* BarChartTests.xctest */ = {isa = PBXFileReference; explicitFileType = wrapper.cfbundle; includeInIndex = 0; path = BarChartTests.xctest; sourceTree = BUILT_PRODUCTS_DIR; };
		8A000AEF18AC80BF0004476A /* XCTest.framework */ = {isa = PBXFileReference; lastKnownFileType = wrapper.framework; name = XCTest.framework; path = Library/Frameworks/XCTest.framework; sourceTree = DEVELOPER_DIR; };
		8A000AF718AC80BF0004476A /* BarChartTests-Info.plist */ = {isa = PBXFileReference; lastKnownFileType = text.plist.xml; path = "BarChartTests-Info.plist"; sourceTree = "<group>"; };
		8A000AF918AC80BF0004476A /* en */ = {isa = PBXFileReference; lastKnownFileType = text.plist.strings; name = en; path = en.lproj/InfoPlist.strings; sourceTree = "<group>"; };
		8A000AFB18AC80BF0004476A /* BarChartTests.m */ = {isa = PBXFileReference; lastKnownFileType = sourcecode.c.objc; path = BarChartTests.m; sourceTree = "<group>"; };
/* End PBXFileReference section */

/* Begin PBXFrameworksBuildPhase section */
		8A000ACA18AC80BF0004476A /* Frameworks */ = {
			isa = PBXFrameworksBuildPhase;
			buildActionMask = 2147483647;
			files = (
				8A000AD318AC80BF0004476A /* CoreGraphics.framework in Frameworks */,
				8A000AD518AC80BF0004476A /* UIKit.framework in Frameworks */,
				8A000AD118AC80BF0004476A /* Foundation.framework in Frameworks */,
			);
			runOnlyForDeploymentPostprocessing = 0;
		};
		8A000AEB18AC80BF0004476A /* Frameworks */ = {
			isa = PBXFrameworksBuildPhase;
			buildActionMask = 2147483647;
			files = (
				8A000AF018AC80BF0004476A /* XCTest.framework in Frameworks */,
				8A000AF218AC80BF0004476A /* UIKit.framework in Frameworks */,
				8A000AF118AC80BF0004476A /* Foundation.framework in Frameworks */,
			);
			runOnlyForDeploymentPostprocessing = 0;
		};
/* End PBXFrameworksBuildPhase section */

/* Begin PBXGroup section */
		8A000AC418AC80BF0004476A = {
			isa = PBXGroup;
			children = (
				8A000AD618AC80BF0004476A /* BarChart */,
				8A000AF518AC80BF0004476A /* BarChartTests */,
				8A000ACF18AC80BF0004476A /* Frameworks */,
				8A000ACE18AC80BF0004476A /* Products */,
			);
			sourceTree = "<group>";
		};
		8A000ACE18AC80BF0004476A /* Products */ = {
			isa = PBXGroup;
			children = (
				8A000ACD18AC80BF0004476A /* BarChart.app */,
				8A000AEE18AC80BF0004476A /* BarChartTests.xctest */,
			);
			name = Products;
			sourceTree = "<group>";
		};
		8A000ACF18AC80BF0004476A /* Frameworks */ = {
			isa = PBXGroup;
			children = (
				8A000AD018AC80BF0004476A /* Foundation.framework */,
				8A000AD218AC80BF0004476A /* CoreGraphics.framework */,
				8A000AD418AC80BF0004476A /* UIKit.framework */,
				8A000AEF18AC80BF0004476A /* XCTest.framework */,
			);
			name = Frameworks;
			sourceTree = "<group>";
		};
		8A000AD618AC80BF0004476A /* BarChart */ = {
			isa = PBXGroup;
			children = (
				8A000ADF18AC80BF0004476A /* DBAppDelegate.h */,
				8A000AE018AC80BF0004476A /* DBAppDelegate.m */,
				8A000AE218AC80BF0004476A /* Main.storyboard */,
				8A000AE518AC80BF0004476A /* DBViewController.h */,
				8A000AE618AC80BF0004476A /* DBViewController.m */,
				8A000AE818AC80BF0004476A /* Images.xcassets */,
				8A000AD718AC80BF0004476A /* Supporting Files */,
			);
			path = BarChart;
			sourceTree = "<group>";
		};
		8A000AD718AC80BF0004476A /* Supporting Files */ = {
			isa = PBXGroup;
			children = (
				8A000AD818AC80BF0004476A /* BarChart-Info.plist */,
				8A000AD918AC80BF0004476A /* InfoPlist.strings */,
				8A000ADC18AC80BF0004476A /* main.m */,
				8A000ADE18AC80BF0004476A /* BarChart-Prefix.pch */,
			);
			name = "Supporting Files";
			sourceTree = "<group>";
		};
		8A000AF518AC80BF0004476A /* BarChartTests */ = {
			isa = PBXGroup;
			children = (
				8A000AFB18AC80BF0004476A /* BarChartTests.m */,
				8A000AF618AC80BF0004476A /* Supporting Files */,
			);
			path = BarChartTests;
			sourceTree = "<group>";
		};
		8A000AF618AC80BF0004476A /* Supporting Files */ = {
			isa = PBXGroup;
			children = (
				8A000AF718AC80BF0004476A /* BarChartTests-Info.plist */,
				8A000AF818AC80BF0004476A /* InfoPlist.strings */,
			);
			name = "Supporting Files";
			sourceTree = "<group>";
		};
/* End PBXGroup section */

/* Begin PBXNativeTarget section */
		8A000ACC18AC80BF0004476A /* BarChart */ = {
			isa = PBXNativeTarget;
			buildConfigurationList = 8A000AFF18AC80BF0004476A /* Build configuration list for PBXNativeTarget "BarChart" */;
			buildPhases = (
				8A000AC918AC80BF0004476A /* Sources */,
				8A000ACA18AC80BF0004476A /* Frameworks */,
				8A000ACB18AC80BF0004476A /* Resources */,
			);
			buildRules = (
			);
			dependencies = (
			);
			name = BarChart;
			productName = BarChart;
			productReference = 8A000ACD18AC80BF0004476A /* BarChart.app */;
			productType = "com.apple.product-type.application";
		};
		8A000AED18AC80BF0004476A /* BarChartTests */ = {
			isa = PBXNativeTarget;
			buildConfigurationList = 8A000B0218AC80BF0004476A /* Build configuration list for PBXNativeTarget "BarChartTests" */;
			buildPhases = (
				8A000AEA18AC80BF0004476A /* Sources */,
				8A000AEB18AC80BF0004476A /* Frameworks */,
				8A000AEC18AC80BF0004476A /* Resources */,
			);
			buildRules = (
			);
			dependencies = (
				8A000AF418AC80BF0004476A /* PBXTargetDependency */,
			);
			name = BarChartTests;
			productName = BarChartTests;
			productReference = 8A000AEE18AC80BF0004476A /* BarChartTests.xctest */;
			productType = "com.apple.product-type.bundle.unit-test";
		};
/* End PBXNativeTarget section */

/* Begin PBXProject section */
		8A000AC518AC80BF0004476A /* Project object */ = {
			isa = PBXProject;
			attributes = {
				CLASSPREFIX = DB;
				LastUpgradeCheck = 0500;
				ORGANIZATIONNAME = "Lenye Studio";
				TargetAttributes = {
					8A000AED18AC80BF0004476A = {
						TestTargetID = 8A000ACC18AC80BF0004476A;
					};
				};
			};
			buildConfigurationList = 8A000AC818AC80BF0004476A /* Build configuration list for PBXProject "BarChart" */;
			compatibilityVersion = "Xcode 3.2";
			developmentRegion = English;
			hasScannedForEncodings = 0;
			knownRegions = (
				en,
				Base,
			);
			mainGroup = 8A000AC418AC80BF0004476A;
			productRefGroup = 8A000ACE18AC80BF0004476A /* Products */;
			projectDirPath = "";
			projectRoot = "";
			targets = (
				8A000ACC18AC80BF0004476A /* BarChart */,
				8A000AED18AC80BF0004476A /* BarChartTests */,
			);
		};
/* End PBXProject section */

/* Begin PBXResourcesBuildPhase section */
		8A000ACB18AC80BF0004476A /* Resources */ = {
			isa = PBXResourcesBuildPhase;
			buildActionMask = 2147483647;
			files = (
				8A000AE918AC80BF0004476A /* Images.xcassets in Resources */,
				8A000ADB18AC80BF0004476A /* InfoPlist.strings in Resources */,
				8A000AE418AC80BF0004476A /* Main.storyboard in Resources */,
			);
			runOnlyForDeploymentPostprocessing = 0;
		};
		8A000AEC18AC80BF0004476A /* Resources */ = {
			isa = PBXResourcesBuildPhase;
			buildActionMask = 2147483647;
			files = (
				8A000AFA18AC80BF0004476A /* InfoPlist.strings in Resources */,
			);
			runOnlyForDeploymentPostprocessing = 0;
		};
/* End PBXResourcesBuildPhase section */

/* Begin PBXSourcesBuildPhase section */
		8A000AC918AC80BF0004476A /* Sources */ = {
			isa = PBXSourcesBuildPhase;
			buildActionMask = 2147483647;
			files = (
				8A000AE118AC80BF0004476A /* DBAppDelegate.m in Sources */,
				8A000AE718AC80BF0004476A /* DBViewController.m in Sources */,
				8A000ADD18AC80BF0004476A /* main.m in Sources */,
			);
			runOnlyForDeploymentPostprocessing = 0;
		};
		8A000AEA18AC80BF0004476A /* Sources */ = {
			isa = PBXSourcesBuildPhase;
			buildActionMask = 2147483647;
			files = (
				8A000AFC18AC80BF0004476A /* BarChartTests.m in Sources */,
			);
			runOnlyForDeploymentPostprocessing = 0;
		};
/* End PBXSourcesBuildPhase section */

/* Begin PBXTargetDependency section */
		8A000AF418AC80BF0004476A /* PBXTargetDependency */ = {
			isa = PBXTargetDependency;
			target = 8A000ACC18AC80BF0004476A /* BarChart */;
			targetProxy = 8A000AF318AC80BF0004476A /* PBXContainerItemProxy */;
		};
/* End PBXTargetDependency section */

/* Begin PBXVariantGroup section */
		8A000AD918AC80BF0004476A /* InfoPlist.strings */ = {
			isa = PBXVariantGroup;
			children = (
				8A000ADA18AC80BF0004476A /* en */,
			);
			name = InfoPlist.strings;
			sourceTree = "<group>";
		};
		8A000AE218AC80BF0004476A /* Main.storyboard */ = {
			isa = PBXVariantGroup;
			children = (
				8A000AE318AC80BF0004476A /* Base */,
			);
			name = Main.storyboard;
			sourceTree = "<group>";
		};
		8A000AF818AC80BF0004476A /* InfoPlist.strings */ = {
			isa = PBXVariantGroup;
			children = (
				8A000AF918AC80BF0004476A /* en */,
			);
			name = InfoPlist.strings;
			sourceTree = "<group>";
		};
/* End PBXVariantGroup section */

/* Begin XCBuildConfiguration section */
		8A000AFD18AC80BF0004476A /* Debug */ = {
			isa = XCBuildConfiguration;
			buildSettings = {
				ALWAYS_SEARCH_USER_PATHS = NO;
				ARCHS = "$(ARCHS_STANDARD_INCLUDING_64_BIT)";
				CLANG_CXX_LANGUAGE_STANDARD = "gnu++0x";
				CLANG_CXX_LIBRARY = "libc++";
				CLANG_ENABLE_MODULES = YES;
				CLANG_ENABLE_OBJC_ARC = YES;
				CLANG_WARN_BOOL_CONVERSION = YES;
				CLANG_WARN_CONSTANT_CONVERSION = YES;
				CLANG_WARN_DIRECT_OBJC_ISA_USAGE = YES_ERROR;
				CLANG_WARN_EMPTY_BODY = YES;
				CLANG_WARN_ENUM_CONVERSION = YES;
				CLANG_WARN_INT_CONVERSION = YES;
				CLANG_WARN_OBJC_ROOT_CLASS = YES_ERROR;
				CLANG_WARN__DUPLICATE_METHOD_MATCH = YES;
				"CODE_SIGN_IDENTITY[sdk=iphoneos*]" = "iPhone Developer";
				COPY_PHASE_STRIP = NO;
				GCC_C_LANGUAGE_STANDARD = gnu99;
				GCC_DYNAMIC_NO_PIC = NO;
				GCC_OPTIMIZATION_LEVEL = 0;
				GCC_PREPROCESSOR_DEFINITIONS = (
					"DEBUG=1",
					"$(inherited)",
				);
				GCC_SYMBOLS_PRIVATE_EXTERN = NO;
				GCC_WARN_64_TO_32_BIT_CONVERSION = YES;
				GCC_WARN_ABOUT_RETURN_TYPE = YES_ERROR;
				GCC_WARN_UNDECLARED_SELECTOR = YES;
				GCC_WARN_UNINITIALIZED_AUTOS = YES;
				GCC_WARN_UNUSED_FUNCTION = YES;
				GCC_WARN_UNUSED_VARIABLE = YES;
				IPHONEOS_DEPLOYMENT_TARGET = 7.0;
				ONLY_ACTIVE_ARCH = YES;
				SDKROOT = iphoneos;
				TARGETED_DEVICE_FAMILY = 2;
			};
			name = Debug;
		};
		8A000AFE18AC80BF0004476A /* Release */ = {
			isa = XCBuildConfiguration;
			buildSettings = {
				ALWAYS_SEARCH_USER_PATHS = NO;
				ARCHS = "$(ARCHS_STANDARD_INCLUDING_64_BIT)";
				CLANG_CXX_LANGUAGE_STANDARD = "gnu++0x";
				CLANG_CXX_LIBRARY = "libc++";
				CLANG_ENABLE_MODULES = YES;
				CLANG_ENABLE_OBJC_ARC = YES;
				CLANG_WARN_BOOL_CONVERSION = YES;
				CLANG_WARN_CONSTANT_CONVERSION = YES;
				CLANG_WARN_DIRECT_OBJC_ISA_USAGE = YES_ERROR;
				CLANG_WARN_EMPTY_BODY = YES;
				CLANG_WARN_ENUM_CONVERSION = YES;
				CLANG_WARN_INT_CONVERSION = YES;
				CLANG_WARN_OBJC_ROOT_CLASS = YES_ERROR;
				CLANG_WARN__DUPLICATE_METHOD_MATCH = YES;
				"CODE_SIGN_IDENTITY[sdk=iphoneos*]" = "iPhone Developer";
				COPY_PHASE_STRIP = YES;
				ENABLE_NS_ASSERTIONS = NO;
				GCC_C_LANGUAGE_STANDARD = gnu99;
				GCC_WARN_64_TO_32_BIT_CONVERSION = YES;
				GCC_WARN_ABOUT_RETURN_TYPE = YES_ERROR;
				GCC_WARN_UNDECLARED_SELECTOR = YES;
				GCC_WARN_UNINITIALIZED_AUTOS = YES;
				GCC_WARN_UNUSED_FUNCTION = YES;
				GCC_WARN_UNUSED_VARIABLE = YES;
				IPHONEOS_DEPLOYMENT_TARGET = 7.0;
				SDKROOT = iphoneos;
				TARGETED_DEVICE_FAMILY = 2;
				VALIDATE_PRODUCT = YES;
			};
			name = Release;
		};
		8A000B0018AC80BF0004476A /* Debug */ = {
			isa = XCBuildConfiguration;
			buildSettings = {
				ASSETCATALOG_COMPILER_APPICON_NAME = AppIcon;
				ASSETCATALOG_COMPILER_LAUNCHIMAGE_NAME = LaunchImage;
				GCC_PRECOMPILE_PREFIX_HEADER = YES;
				GCC_PREFIX_HEADER = "BarChart/BarChart-Prefix.pch";
				INFOPLIST_FILE = "BarChart/BarChart-Info.plist";
				PRODUCT_NAME = "$(TARGET_NAME)";
				WRAPPER_EXTENSION = app;
			};
			name = Debug;
		};
		8A000B0118AC80BF0004476A /* Release */ = {
			isa = XCBuildConfiguration;
			buildSettings = {
				ASSETCATALOG_COMPILER_APPICON_NAME = AppIcon;
				ASSETCATALOG_COMPILER_LAUNCHIMAGE_NAME = LaunchImage;
				GCC_PRECOMPILE_PREFIX_HEADER = YES;
				GCC_PREFIX_HEADER = "BarChart/BarChart-Prefix.pch";
				INFOPLIST_FILE = "BarChart/BarChart-Info.plist";
				PRODUCT_NAME = "$(TARGET_NAME)";
				WRAPPER_EXTENSION = app;
			};
			name = Release;
		};
		8A000B0318AC80BF0004476A /* Debug */ = {
			isa = XCBuildConfiguration;
			buildSettings = {
				ARCHS = "$(ARCHS_STANDARD_INCLUDING_64_BIT)";
				BUNDLE_LOADER = "$(BUILT_PRODUCTS_DIR)/BarChart.app/BarChart";
				FRAMEWORK_SEARCH_PATHS = (
					"$(SDKROOT)/Developer/Library/Frameworks",
					"$(inherited)",
					"$(DEVELOPER_FRAMEWORKS_DIR)",
				);
				GCC_PRECOMPILE_PREFIX_HEADER = YES;
				GCC_PREFIX_HEADER = "BarChart/BarChart-Prefix.pch";
				GCC_PREPROCESSOR_DEFINITIONS = (
					"DEBUG=1",
					"$(inherited)",
				);
				INFOPLIST_FILE = "BarChartTests/BarChartTests-Info.plist";
				PRODUCT_NAME = "$(TARGET_NAME)";
				TEST_HOST = "$(BUNDLE_LOADER)";
				WRAPPER_EXTENSION = xctest;
			};
			name = Debug;
		};
		8A000B0418AC80BF0004476A /* Release */ = {
			isa = XCBuildConfiguration;
			buildSettings = {
				ARCHS = "$(ARCHS_STANDARD_INCLUDING_64_BIT)";
				BUNDLE_LOADER = "$(BUILT_PRODUCTS_DIR)/BarChart.app/BarChart";
				FRAMEWORK_SEARCH_PATHS = (
					"$(SDKROOT)/Developer/Library/Frameworks",
					"$(inherited)",
					"$(DEVELOPER_FRAMEWORKS_DIR)",
				);
				GCC_PRECOMPILE_PREFIX_HEADER = YES;
				GCC_PREFIX_HEADER = "BarChart/BarChart-Prefix.pch";
				INFOPLIST_FILE = "BarChartTests/BarChartTests-Info.plist";
				PRODUCT_NAME = "$(TARGET_NAME)";
				TEST_HOST = "$(BUNDLE_LOADER)";
				WRAPPER_EXTENSION = xctest;
			};
			name = Release;
		};
/* End XCBuildConfiguration section */

/* Begin XCConfigurationList section */
		8A000AC818AC80BF0004476A /* Build configuration list for PBXProject "BarChart" */ = {
			isa = XCConfigurationList;
			buildConfigurations = (
				8A000AFD18AC80BF0004476A /* Debug */,
				8A000AFE18AC80BF0004476A /* Release */,
			);
			defaultConfigurationIsVisible = 0;
			defaultConfigurationName = Release;
		};
		8A000AFF18AC80BF0004476A /* Build configuration list for PBXNativeTarget "BarChart" */ = {
			isa = XCConfigurationList;
			buildConfigurations = (
				8A000B0018AC80BF0004476A /* Debug */,
				8A000B0118AC80BF0004476A /* Release */,
			);
			defaultConfigurationIsVisible = 0;
		};
		8A000B0218AC80BF0004476A /* Build configuration list for PBXNativeTarget "BarChartTests" */ = {
			isa = XCConfigurationList;
			buildConfigurations = (
				8A000B0318AC80BF0004476A /* Debug */,
				8A000B0418AC80BF0004476A /* Release */,
			);
			defaultConfigurationIsVisible = 0;
		};
/* End XCConfigurationList section */
	};
	rootObject = 8A000AC518AC80BF0004476A /* Project object */;
}
